// !$*UTF8*$!
{
	archiveVersion = 1;
	classes = {
	};
	objectVersion = 46;
	objects = {

/* Begin PBXFileReference section */
		00CD09FC16F8F4E2002ED248 /* wikiline.py */ = {isa = PBXFileReference; fileEncoding = 4; lastKnownFileType = text.script.python; path = wikiline.py; sourceTree = "<group>"; };
		00F928901701FAED00A2B3CC /* README.rdoc */ = {isa = PBXFileReference; fileEncoding = 4; lastKnownFileType = text; path = README.rdoc; sourceTree = "<group>"; };
		00F9289117021AF200A2B3CC /* log.py */ = {isa = PBXFileReference; fileEncoding = 4; lastKnownFileType = text.script.python; path = log.py; sourceTree = "<group>"; };
		00F9289217021BEC00A2B3CC /* utils.py */ = {isa = PBXFileReference; fileEncoding = 4; lastKnownFileType = text.script.python; path = utils.py; sourceTree = "<group>"; };
		00F9289317021E4B00A2B3CC /* wikiparser.py */ = {isa = PBXFileReference; fileEncoding = 4; lastKnownFileType = text.script.python; path = wikiparser.py; sourceTree = "<group>"; };
/* End PBXFileReference section */

/* Begin PBXGroup section */
		00CD09F116F8F466002ED248 = {
			isa = PBXGroup;
			children = (
				00F9289317021E4B00A2B3CC /* wikiparser.py */,
				00F9289217021BEC00A2B3CC /* utils.py */,
				00F9289117021AF200A2B3CC /* log.py */,
				00F928901701FAED00A2B3CC /* README.rdoc */,
				00CD09FC16F8F4E2002ED248 /* wikiline.py */,
			);
			sourceTree = "<group>";
		};
/* End PBXGroup section */

/* Begin PBXLegacyTarget section */
		00CD09F616F8F466002ED248 /* WikiLine */ = {
			isa = PBXLegacyTarget;
			buildArgumentsString = "$(ACTION)";
			buildConfigurationList = 00CD09F916F8F466002ED248 /* Build configuration list for PBXLegacyTarget "WikiLine" */;
			buildPhases = (
			);
			buildToolPath = /Library/Frameworks/Python.framework/Versions/2.7/bin/python;
			buildWorkingDirectory = "";
			dependencies = (
			);
			name = WikiLine;
			passBuildSettingsInEnvironment = 1;
			productName = WikiLine;
		};
/* End PBXLegacyTarget section */

/* Begin PBXProject section */
		00CD09F216F8F466002ED248 /* Project object */ = {
			isa = PBXProject;
			attributes = {
				LastUpgradeCheck = 0460;
				ORGANIZATIONNAME = "Michael Halsband";
			};
			buildConfigurationList = 00CD09F516F8F466002ED248 /* Build configuration list for PBXProject "WikiLine" */;
			compatibilityVersion = "Xcode 3.2";
			developmentRegion = English;
			hasScannedForEncodings = 0;
			knownRegions = (
				en,
			);
			mainGroup = 00CD09F116F8F466002ED248;
			projectDirPath = "";
			projectRoot = "";
			targets = (
				00CD09F616F8F466002ED248 /* WikiLine */,
			);
		};
/* End PBXProject section */

/* Begin XCBuildConfiguration section */
		00CD09F716F8F466002ED248 /* Debug */ = {
			isa = XCBuildConfiguration;
			buildSettings = {
				ALWAYS_SEARCH_USER_PATHS = NO;
				ARCHS = "$(ARCHS_STANDARD_64_BIT)";
				CLANG_CXX_LANGUAGE_STANDARD = "gnu++0x";
				CLANG_CXX_LIBRARY = "libc++";
				CLANG_WARN_CONSTANT_CONVERSION = YES;
				CLANG_WARN_EMPTY_BODY = YES;
				CLANG_WARN_ENUM_CONVERSION = YES;
				CLANG_WARN_INT_CONVERSION = YES;
				CLANG_WARN__DUPLICATE_METHOD_MATCH = YES;
				COPY_PHASE_STRIP = NO;
				GCC_C_LANGUAGE_STANDARD = gnu99;
				GCC_DYNAMIC_NO_PIC = NO;
				GCC_ENABLE_OBJC_EXCEPTIONS = YES;
				GCC_OPTIMIZATION_LEVEL = 0;
				GCC_PREPROCESSOR_DEFINITIONS = (
					"DEBUG=1",
					"$(inherited)",
				);
				GCC_SYMBOLS_PRIVATE_EXTERN = NO;
				GCC_WARN_64_TO_32_BIT_CONVERSION = YES;
				GCC_WARN_ABOUT_RETURN_TYPE = YES;
				GCC_WARN_UNINITIALIZED_AUTOS = YES;
				GCC_WARN_UNUSED_VARIABLE = YES;
				MACOSX_DEPLOYMENT_TARGET = 10.8;
				ONLY_ACTIVE_ARCH = YES;
				SDKROOT = macosx;
			};
			name = Debug;
		};
		00CD09F816F8F466002ED248 /* Release */ = {
			isa = XCBuildConfiguration;
			buildSettings = {
				ALWAYS_SEARCH_USER_PATHS = NO;
				ARCHS = "$(ARCHS_STANDARD_64_BIT)";
				CLANG_CXX_LANGUAGE_STANDARD = "gnu++0x";
				CLANG_CXX_LIBRARY = "libc++";
				CLANG_WARN_CONSTANT_CONVERSION = YES;
				CLANG_WARN_EMPTY_BODY = YES;
				CLANG_WARN_ENUM_CONVERSION = YES;
				CLANG_WARN_INT_CONVERSION = YES;
				CLANG_WARN__DUPLICATE_METHOD_MATCH = YES;
				COPY_PHASE_STRIP = YES;
				DEBUG_INFORMATION_FORMAT = "dwarf-with-dsym";
				GCC_C_LANGUAGE_STANDARD = gnu99;
				GCC_ENABLE_OBJC_EXCEPTIONS = YES;
				GCC_WARN_64_TO_32_BIT_CONVERSION = YES;
				GCC_WARN_ABOUT_RETURN_TYPE = YES;
				GCC_WARN_UNINITIALIZED_AUTOS = YES;
				GCC_WARN_UNUSED_VARIABLE = YES;
				MACOSX_DEPLOYMENT_TARGET = 10.8;
				SDKROOT = macosx;
			};
			name = Release;
		};
		00CD09FA16F8F466002ED248 /* Debug */ = {
			isa = XCBuildConfiguration;
			buildSettings = {
				DEBUGGING_SYMBOLS = YES;
				GCC_GENERATE_DEBUGGING_SYMBOLS = YES;
				GCC_OPTIMIZATION_LEVEL = 0;
				OTHER_CFLAGS = "";
				OTHER_LDFLAGS = "";
				PRODUCT_NAME = "$(TARGET_NAME)";
			};
			name = Debug;
		};
		00CD09FB16F8F466002ED248 /* Release */ = {
			isa = XCBuildConfiguration;
			buildSettings = {
				OTHER_CFLAGS = "";
				OTHER_LDFLAGS = "";
				PRODUCT_NAME = "$(TARGET_NAME)";
			};
			name = Release;
		};
/* End XCBuildConfiguration section */

/* Begin XCConfigurationList section */
		00CD09F516F8F466002ED248 /* Build configuration list for PBXProject "WikiLine" */ = {
			isa = XCConfigurationList;
			buildConfigurations = (
				00CD09F716F8F466002ED248 /* Debug */,
				00CD09F816F8F466002ED248 /* Release */,
			);
			defaultConfigurationIsVisible = 0;
			defaultConfigurationName = Release;
		};
		00CD09F916F8F466002ED248 /* Build configuration list for PBXLegacyTarget "WikiLine" */ = {
			isa = XCConfigurationList;
			buildConfigurations = (
				00CD09FA16F8F466002ED248 /* Debug */,
				00CD09FB16F8F466002ED248 /* Release */,
			);
			defaultConfigurationIsVisible = 0;
			defaultConfigurationName = Release;
		};
/* End XCConfigurationList section */
	};
	rootObject = 00CD09F216F8F466002ED248 /* Project object */;
}
